
Microsoft Visual Studio Solution File, Format Version 12.00
# Visual Studio 2013
VisualStudioVersion = 12.0.40629.0
MinimumVisualStudioVersion = 10.0.40219.1
Project("{FAE04EC0-301F-11D3-BF4B-00C04F79EFBC}") = "ZoologicoEntity", "ZoologicoEntity\ZoologicoEntity.csproj", "{80CD6E79-5EEE-454E-A9A6-C9A1758CD44A}"
EndProject
Project("{FAE04EC0-301F-11D3-BF4B-00C04F79EFBC}") = "ZoologicoDAL", "ZoologicoDAL\ZoologicoDAL.csproj", "{F50BB638-A133-4F9F-BABC-3ECD53728F56}"
EndProject
Project("{FAE04EC0-301F-11D3-BF4B-00C04F79EFBC}") = "ZoologicoBL", "ZoologicoBL\ZoologicoBL.csproj", "{048E4BFF-0D58-48A0-8CFF-EEFBB37624AF}"
EndProject
Project("{2150E333-8FDC-42A3-9474-1A3956D46DE8}") = "Cliente", "Cliente", "{16E15ADE-9367-4A9B-B806-EE2D4DDA83F2}"
EndProject
Project("{2150E333-8FDC-42A3-9474-1A3956D46DE8}") = "Servicios", "Servicios", "{F3FD905B-3340-4CEE-9710-76B26DAA6597}"
EndProject
Project("{FAE04EC0-301F-11D3-BF4B-00C04F79EFBC}") = "Zoologico.application", "Zoologico.application\Zoologico.application.csproj", "{8C4B716A-0B4E-40C6-9E16-978E268A65E0}"
EndProject
Project("{2150E333-8FDC-42A3-9474-1A3956D46DE8}") = "Front", "Front", "{8DA5D184-5BD3-4507-B906-3466D72C33C8}"
EndProject
Project("{2150E333-8FDC-42A3-9474-1A3956D46DE8}") = "1-Services", "1-Services", "{D692DA3A-C9B3-45E6-9FEE-41CA52F5C739}"
EndProject
Project("{2150E333-8FDC-42A3-9474-1A3956D46DE8}") = "2-BussinessLayer", "2-BussinessLayer", "{D4A8859F-4312-45BC-A9FA-34C791A0FF91}"
EndProject
Project("{2150E333-8FDC-42A3-9474-1A3956D46DE8}") = "3-DataAccess", "3-DataAccess", "{89814BA6-7764-4B83-A56B-AD501F497B37}"
EndProject
Project("{2150E333-8FDC-42A3-9474-1A3956D46DE8}") = "4-Entities", "4-Entities", "{AEF78285-016F-405E-85AF-BE7A5D710351}"
EndProject
Project("{FAE04EC0-301F-11D3-BF4B-00C04F79EFBC}") = "ZoologicoAPI", "ZoologicoAPI\ZoologicoAPI.csproj", "{38504535-6B74-49E2-98CE-7B6CC1842CD7}"
EndProject
Global
	GlobalSection(SolutionConfigurationPlatforms) = preSolution
		Debug|Any CPU = Debug|Any CPU
		Release|Any CPU = Release|Any CPU
	EndGlobalSection
	GlobalSection(ProjectConfigurationPlatforms) = postSolution
		{80CD6E79-5EEE-454E-A9A6-C9A1758CD44A}.Debug|Any CPU.ActiveCfg = Debug|Any CPU
		{80CD6E79-5EEE-454E-A9A6-C9A1758CD44A}.Debug|Any CPU.Build.0 = Debug|Any CPU
		{80CD6E79-5EEE-454E-A9A6-C9A1758CD44A}.Release|Any CPU.ActiveCfg = Release|Any CPU
		{80CD6E79-5EEE-454E-A9A6-C9A1758CD44A}.Release|Any CPU.Build.0 = Release|Any CPU
		{F50BB638-A133-4F9F-BABC-3ECD53728F56}.Debug|Any CPU.ActiveCfg = Debug|Any CPU
		{F50BB638-A133-4F9F-BABC-3ECD53728F56}.Debug|Any CPU.Build.0 = Debug|Any CPU
		{F50BB638-A133-4F9F-BABC-3ECD53728F56}.Release|Any CPU.ActiveCfg = Release|Any CPU
		{F50BB638-A133-4F9F-BABC-3ECD53728F56}.Release|Any CPU.Build.0 = Release|Any CPU
		{048E4BFF-0D58-48A0-8CFF-EEFBB37624AF}.Debug|Any CPU.ActiveCfg = Debug|Any CPU
		{048E4BFF-0D58-48A0-8CFF-EEFBB37624AF}.Debug|Any CPU.Build.0 = Debug|Any CPU
		{048E4BFF-0D58-48A0-8CFF-EEFBB37624AF}.Release|Any CPU.ActiveCfg = Release|Any CPU
		{048E4BFF-0D58-48A0-8CFF-EEFBB37624AF}.Release|Any CPU.Build.0 = Release|Any CPU
		{8C4B716A-0B4E-40C6-9E16-978E268A65E0}.Debug|Any CPU.ActiveCfg = Debug|Any CPU
		{8C4B716A-0B4E-40C6-9E16-978E268A65E0}.Debug|Any CPU.Build.0 = Debug|Any CPU
		{8C4B716A-0B4E-40C6-9E16-978E268A65E0}.Release|Any CPU.ActiveCfg = Release|Any CPU
		{8C4B716A-0B4E-40C6-9E16-978E268A65E0}.Release|Any CPU.Build.0 = Release|Any CPU
		{38504535-6B74-49E2-98CE-7B6CC1842CD7}.Debug|Any CPU.ActiveCfg = Debug|Any CPU
		{38504535-6B74-49E2-98CE-7B6CC1842CD7}.Debug|Any CPU.Build.0 = Debug|Any CPU
		{38504535-6B74-49E2-98CE-7B6CC1842CD7}.Release|Any CPU.ActiveCfg = Release|Any CPU
		{38504535-6B74-49E2-98CE-7B6CC1842CD7}.Release|Any CPU.Build.0 = Release|Any CPU
	EndGlobalSection
	GlobalSection(SolutionProperties) = preSolution
		HideSolutionNode = FALSE
	EndGlobalSection
	GlobalSection(NestedProjects) = preSolution
		{80CD6E79-5EEE-454E-A9A6-C9A1758CD44A} = {AEF78285-016F-405E-85AF-BE7A5D710351}
		{F50BB638-A133-4F9F-BABC-3ECD53728F56} = {89814BA6-7764-4B83-A56B-AD501F497B37}
		{048E4BFF-0D58-48A0-8CFF-EEFBB37624AF} = {D4A8859F-4312-45BC-A9FA-34C791A0FF91}
		{8C4B716A-0B4E-40C6-9E16-978E268A65E0} = {8DA5D184-5BD3-4507-B906-3466D72C33C8}
		{8DA5D184-5BD3-4507-B906-3466D72C33C8} = {16E15ADE-9367-4A9B-B806-EE2D4DDA83F2}
		{D692DA3A-C9B3-45E6-9FEE-41CA52F5C739} = {F3FD905B-3340-4CEE-9710-76B26DAA6597}
		{D4A8859F-4312-45BC-A9FA-34C791A0FF91} = {F3FD905B-3340-4CEE-9710-76B26DAA6597}
		{89814BA6-7764-4B83-A56B-AD501F497B37} = {F3FD905B-3340-4CEE-9710-76B26DAA6597}
		{AEF78285-016F-405E-85AF-BE7A5D710351} = {F3FD905B-3340-4CEE-9710-76B26DAA6597}
		{38504535-6B74-49E2-98CE-7B6CC1842CD7} = {D692DA3A-C9B3-45E6-9FEE-41CA52F5C739}
	EndGlobalSection
EndGlobal
